<?xml version="1.0" encoding="utf-8"?>
<Project ToolsVersion="4.0" xmlns="http://schemas.microsoft.com/developer/msbuild/2003">
  <ItemGroup>
    <Filter Include="common">
      <UniqueIdentifier>{edefcfa5-bc5b-4d1b-bfb2-004a15ab9d08}</UniqueIdentifier>
    </Filter>
    <Filter Include="thread">
      <UniqueIdentifier>{f5cd5aa7-2272-431e-a2ce-b744a1e02a19}</UniqueIdentifier>
    </Filter>
    <Filter Include="sockets">
      <UniqueIdentifier>{e9428658-16f1-4292-b872-bbe0ba56aae9}</UniqueIdentifier>
    </Filter>
    <Filter Include="rpc">
      <UniqueIdentifier>{ea14a6b3-d58a-4ca6-aacd-c86c1c3e9c11}</UniqueIdentifier>
    </Filter>
    <Filter Include="thread\Win64">
      <UniqueIdentifier>{438d118f-cae6-4580-8793-5c444cae5a46}</UniqueIdentifier>
    </Filter>
    <Filter Include="thread\POSIX">
      <UniqueIdentifier>{e1956d44-3226-4a6e-bc9d-a03b3eedabea}</UniqueIdentifier>
    </Filter>
    <Filter Include="gason">
      <UniqueIdentifier>{c8657e18-1f00-4f8c-897c-39493a33513c}</UniqueIdentifier>
    </Filter>
    <Filter Include="Stratum">
      <UniqueIdentifier>{c5c74161-bf2c-43b4-8944-b3ad72ec5a4f}</UniqueIdentifier>
    </Filter>
  </ItemGroup>
  <ItemGroup>
    <ClCompile Include="common\Log.cpp">
      <Filter>common</Filter>
    </ClCompile>
    <ClCompile Include="rpc\Command.cpp">
      <Filter>rpc</Filter>
    </ClCompile>
    <ClCompile Include="rpc\CommandEnums.cpp">
      <Filter>rpc</Filter>
    </ClCompile>
    <ClCompile Include="sockets\Socket.cpp">
      <Filter>sockets</Filter>
    </ClCompile>
    <ClCompile Include="sockets\SocketAddress.cpp">
      <Filter>sockets</Filter>
    </ClCompile>
    <ClCompile Include="thread\Condition.cpp">
      <Filter>thread</Filter>
    </ClCompile>
    <ClCompile Include="thread\Misc.cpp">
      <Filter>thread</Filter>
    </ClCompile>
    <ClCompile Include="thread\Mutex.cpp">
      <Filter>thread</Filter>
    </ClCompile>
    <ClCompile Include="thread\TaskQueue.cpp">
      <Filter>thread</Filter>
    </ClCompile>
    <ClCompile Include="thread\Thread.cpp">
      <Filter>thread</Filter>
    </ClCompile>
    <ClCompile Include="thread\ThreadPool.cpp">
      <Filter>thread</Filter>
    </ClCompile>
    <ClCompile Include="rpc\CommandSendBlocking.cpp">
      <Filter>rpc</Filter>
    </ClCompile>
    <ClCompile Include="rpc\CommandDispatcher.cpp">
      <Filter>rpc</Filter>
    </ClCompile>
    <ClCompile Include="thread\Barrier.cpp">
      <Filter>thread</Filter>
    </ClCompile>
    <ClCompile Include="sockets\SocketServerBase.cpp">
      <Filter>sockets</Filter>
    </ClCompile>
    <ClCompile Include="common\Log_Assert.cpp">
      <Filter>common</Filter>
    </ClCompile>
    <ClCompile Include="sockets\SocketClientBase.cpp">
      <Filter>sockets</Filter>
    </ClCompile>
    <ClCompile Include="sockets\SocketRecThread.cpp">
      <Filter>sockets</Filter>
    </ClCompile>
    <ClCompile Include="sockets\SocketSendThread.cpp">
      <Filter>sockets</Filter>
    </ClCompile>
    <ClCompile Include="sockets\SocketClientThreaded.cpp">
      <Filter>sockets</Filter>
    </ClCompile>
    <ClCompile Include="rpc\SocketServerRPC.cpp">
      <Filter>rpc</Filter>
    </ClCompile>
    <ClCompile Include="rpc\SocketClientRPC.cpp">
      <Filter>rpc</Filter>
    </ClCompile>
    <ClCompile Include="thread\ThreadBase.cpp">
      <Filter>thread</Filter>
    </ClCompile>
    <ClCompile Include="thread\Thread_Win64.cpp">
      <Filter>thread\Win64</Filter>
    </ClCompile>
    <ClCompile Include="thread\ThreadBase_Win64.cpp">
      <Filter>thread\Win64</Filter>
    </ClCompile>
    <ClCompile Include="thread\Thread_POSIX.cpp">
      <Filter>thread\POSIX</Filter>
    </ClCompile>
    <ClCompile Include="thread\ThreadBase_POSIX.cpp">
      <Filter>thread\POSIX</Filter>
    </ClCompile>
    <ClCompile Include="thread\Mutex_Win64.cpp">
      <Filter>thread\Win64</Filter>
    </ClCompile>
    <ClCompile Include="thread\Mutex_POSIX.cpp">
      <Filter>thread\POSIX</Filter>
    </ClCompile>
    <ClCompile Include="thread\Condition_Win64.cpp">
      <Filter>thread\Win64</Filter>
    </ClCompile>
    <ClCompile Include="thread\Condition_POSIX.cpp">
      <Filter>thread\POSIX</Filter>
    </ClCompile>
    <ClCompile Include="thread\CriticalSection.cpp">
      <Filter>thread</Filter>
    </ClCompile>
    <ClCompile Include="thread\CriticalSection_POSIX.cpp">
      <Filter>thread\POSIX</Filter>
    </ClCompile>
    <ClCompile Include="thread\CriticalSection_Win64.cpp">
      <Filter>thread\Win64</Filter>
    </ClCompile>
    <ClCompile Include="thread\Barrier_POSIX.cpp">
      <Filter>thread\POSIX</Filter>
    </ClCompile>
    <ClCompile Include="thread\Barrier_Win64.cpp">
      <Filter>thread\Win64</Filter>
    </ClCompile>
    <ClCompile Include="stratum\Stratum.cpp">
      <Filter>Stratum</Filter>
    </ClCompile>
    <ClCompile Include="..\gason--\src\gason.cpp">
      <Filter>gason</Filter>
    </ClCompile>
  </ItemGroup>
  <ItemGroup>
    <ClInclude Include="common\Log.h">
      <Filter>common</Filter>
    </ClInclude>
    <ClInclude Include="common\Statics.h">
      <Filter>common</Filter>
    </ClInclude>
    <ClInclude Include="rpc\Command.h">
      <Filter>rpc</Filter>
    </ClInclude>
    <ClInclude Include="rpc\CommandEnums.h">
      <Filter>rpc</Filter>
    </ClInclude>
    <ClInclude Include="sockets\Socket.h">
      <Filter>sockets</Filter>
    </ClInclude>
    <ClInclude Include="sockets\SocketAddress.h">
      <Filter>sockets</Filter>
    </ClInclude>
    <ClInclude Include="thread\Condition.h">
      <Filter>thread</Filter>
    </ClInclude>
    <ClInclude Include="thread\Misc.h">
      <Filter>thread</Filter>
    </ClInclude>
    <ClInclude Include="thread\Mutex.h">
      <Filter>thread</Filter>
    </ClInclude>
    <ClInclude Include="thread\TaskQueue.h">
      <Filter>thread</Filter>
    </ClInclude>
    <ClInclude Include="thread\Thread.h">
      <Filter>thread</Filter>
    </ClInclude>
    <ClInclude Include="thread\ThreadPool.h">
      <Filter>thread</Filter>
    </ClInclude>
    <ClInclude Include="rpc\CommandDispatcher.h">
      <Filter>rpc</Filter>
    </ClInclude>
    <ClInclude Include="rpc\CommandSendBlocking.h">
      <Filter>rpc</Filter>
    </ClInclude>
    <ClInclude Include="common\Log_Assert.h">
      <Filter>common</Filter>
    </ClInclude>
    <ClInclude Include="thread\Barrier.h">
      <Filter>thread</Filter>
    </ClInclude>
    <ClInclude Include="sockets\SocketServerBase.h">
      <Filter>sockets</Filter>
    </ClInclude>
    <ClInclude Include="thread\ThreadBase.h">
      <Filter>thread</Filter>
    </ClInclude>
    <ClInclude Include="sockets\SocketClientBase.h">
      <Filter>sockets</Filter>
    </ClInclude>
    <ClInclude Include="sockets\SocketRecThread.h">
      <Filter>sockets</Filter>
    </ClInclude>
    <ClInclude Include="sockets\SocketSendThread.h">
      <Filter>sockets</Filter>
    </ClInclude>
    <ClInclude Include="sockets\SocketClientThreaded.h">
      <Filter>sockets</Filter>
    </ClInclude>
    <ClInclude Include="rpc\SocketServerRPC.h">
      <Filter>rpc</Filter>
    </ClInclude>
    <ClInclude Include="rpc\SocketClientRPC.h">
      <Filter>rpc</Filter>
    </ClInclude>
    <ClInclude Include="thread\CriticalSection.h">
      <Filter>thread</Filter>
    </ClInclude>
    <ClInclude Include="stratum\Stratum.h">
      <Filter>Stratum</Filter>
    </ClInclude>
    <ClInclude Include="..\gason--\src\gason.hpp">
      <Filter>gason</Filter>
    </ClInclude>
    <ClInclude Include="..\gason--\src\jsonbuilder.hpp">
      <Filter>gason</Filter>
    </ClInclude>
  </ItemGroup>
  <ItemGroup>
    <Text Include="stratum\Ethereum_specification_R1.txt">
      <Filter>Stratum</Filter>
    </Text>
    <Text Include="stratum\NiceHash_Sample.txt">
      <Filter>Stratum</Filter>
    </Text>
    <Text Include="stratum\Stratum protocol changes for ZCash.txt">
      <Filter>Stratum</Filter>
    </Text>
  </ItemGroup>
</Project>