
Microsoft Visual Studio Solution File, Format Version 12.00
# Visual Studio 14
VisualStudioVersion = 14.0.25420.1
MinimumVisualStudioVersion = 10.0.40219.1
Project("{8BC9CEB8-8B4A-11D0-8D11-00A0C91BC942}") = "Framework_Test", "Framework.vcxproj", "{2D66C9B3-9122-44A8-AFA3-AD5D81D43AD2}"
EndProject
Project("{8BC9CEB8-8B4A-11D0-8D11-00A0C91BC942}") = "FrameworkLib", "FrameworkLib.vcxproj", "{C6839DB6-EF79-4716-9587-0713F04C50CE}"
EndProject
Project("{8BC9CEB8-8B4A-11D0-8D11-00A0C91BC942}") = "Proxy", "Proxy.vcxproj", "{DF2030B4-797E-4FEC-AEA9-38EDAE04FB15}"
	ProjectSection(ProjectDependencies) = postProject
		{C6839DB6-EF79-4716-9587-0713F04C50CE} = {C6839DB6-EF79-4716-9587-0713F04C50CE}
	EndProjectSection
EndProject
Project("{8BC9CEB8-8B4A-11D0-8D11-00A0C91BC942}") = "Tests", "Tests.vcxproj", "{70D44738-3D12-4C57-A08A-6F486190641D}"
	ProjectSection(ProjectDependencies) = postProject
		{C6839DB6-EF79-4716-9587-0713F04C50CE} = {C6839DB6-EF79-4716-9587-0713F04C50CE}
	EndProjectSection
EndProject
Global
	GlobalSection(SolutionConfigurationPlatforms) = preSolution
		Debug|x64 = Debug|x64
		Debug|x86 = Debug|x86
		Release|x64 = Release|x64
		Release|x86 = Release|x86
	EndGlobalSection
	GlobalSection(ProjectConfigurationPlatforms) = postSolution
		{2D66C9B3-9122-44A8-AFA3-AD5D81D43AD2}.Debug|x64.ActiveCfg = Debug|x64
		{2D66C9B3-9122-44A8-AFA3-AD5D81D43AD2}.Debug|x64.Build.0 = Debug|x64
		{2D66C9B3-9122-44A8-AFA3-AD5D81D43AD2}.Debug|x86.ActiveCfg = Debug|Win32
		{2D66C9B3-9122-44A8-AFA3-AD5D81D43AD2}.Debug|x86.Build.0 = Debug|Win32
		{2D66C9B3-9122-44A8-AFA3-AD5D81D43AD2}.Release|x64.ActiveCfg = Release|x64
		{2D66C9B3-9122-44A8-AFA3-AD5D81D43AD2}.Release|x64.Build.0 = Release|x64
		{2D66C9B3-9122-44A8-AFA3-AD5D81D43AD2}.Release|x86.ActiveCfg = Release|Win32
		{2D66C9B3-9122-44A8-AFA3-AD5D81D43AD2}.Release|x86.Build.0 = Release|Win32
		{C6839DB6-EF79-4716-9587-0713F04C50CE}.Debug|x64.ActiveCfg = Debug|x64
		{C6839DB6-EF79-4716-9587-0713F04C50CE}.Debug|x64.Build.0 = Debug|x64
		{C6839DB6-EF79-4716-9587-0713F04C50CE}.Debug|x86.ActiveCfg = Debug|Win32
		{C6839DB6-EF79-4716-9587-0713F04C50CE}.Debug|x86.Build.0 = Debug|Win32
		{C6839DB6-EF79-4716-9587-0713F04C50CE}.Release|x64.ActiveCfg = Release|x64
		{C6839DB6-EF79-4716-9587-0713F04C50CE}.Release|x64.Build.0 = Release|x64
		{C6839DB6-EF79-4716-9587-0713F04C50CE}.Release|x86.ActiveCfg = Release|Win32
		{C6839DB6-EF79-4716-9587-0713F04C50CE}.Release|x86.Build.0 = Release|Win32
		{DF2030B4-797E-4FEC-AEA9-38EDAE04FB15}.Debug|x64.ActiveCfg = Debug|x64
		{DF2030B4-797E-4FEC-AEA9-38EDAE04FB15}.Debug|x64.Build.0 = Debug|x64
		{DF2030B4-797E-4FEC-AEA9-38EDAE04FB15}.Debug|x86.ActiveCfg = Debug|Win32
		{DF2030B4-797E-4FEC-AEA9-38EDAE04FB15}.Debug|x86.Build.0 = Debug|Win32
		{DF2030B4-797E-4FEC-AEA9-38EDAE04FB15}.Release|x64.ActiveCfg = Release|x64
		{DF2030B4-797E-4FEC-AEA9-38EDAE04FB15}.Release|x64.Build.0 = Release|x64
		{DF2030B4-797E-4FEC-AEA9-38EDAE04FB15}.Release|x86.ActiveCfg = Release|Win32
		{DF2030B4-797E-4FEC-AEA9-38EDAE04FB15}.Release|x86.Build.0 = Release|Win32
		{70D44738-3D12-4C57-A08A-6F486190641D}.Debug|x64.ActiveCfg = Debug|x64
		{70D44738-3D12-4C57-A08A-6F486190641D}.Debug|x64.Build.0 = Debug|x64
		{70D44738-3D12-4C57-A08A-6F486190641D}.Debug|x86.ActiveCfg = Debug|Win32
		{70D44738-3D12-4C57-A08A-6F486190641D}.Debug|x86.Build.0 = Debug|Win32
		{70D44738-3D12-4C57-A08A-6F486190641D}.Release|x64.ActiveCfg = Release|x64
		{70D44738-3D12-4C57-A08A-6F486190641D}.Release|x64.Build.0 = Release|x64
		{70D44738-3D12-4C57-A08A-6F486190641D}.Release|x86.ActiveCfg = Release|Win32
		{70D44738-3D12-4C57-A08A-6F486190641D}.Release|x86.Build.0 = Release|Win32
	EndGlobalSection
	GlobalSection(SolutionProperties) = preSolution
		HideSolutionNode = FALSE
	EndGlobalSection
EndGlobal
