
Microsoft Visual Studio Solution File, Format Version 12.00
# Visual Studio 14
VisualStudioVersion = 14.0.25420.1
MinimumVisualStudioVersion = 10.0.40219.1
Project("{8BC9CEB8-8B4A-11D0-8D11-00A0C91BC942}") = "Framework_Test", "Framework.vcxproj", "{2D66C9B3-9122-44A8-AFA3-AD5D81D43AD2}"
EndProject
Project("{8BC9CEB8-8B4A-11D0-8D11-00A0C91BC942}") = "FrameworkLib", "FrameworkLib.vcxproj", "{C6839DB6-EF79-4716-9587-0713F04C50CE}"
EndProject
Project("{8BC9CEB8-8B4A-11D0-8D11-00A0C91BC942}") = "pthread_lib", "..\pthread\pthread_lib.2015.vcxproj", "{A063DFAD-6995-4E1A-AFFF-E43DC11E95B1}"
EndProject
Global
	GlobalSection(SolutionConfigurationPlatforms) = preSolution
		Debug|Itanium = Debug|Itanium
		Debug|x64 = Debug|x64
		Debug|x86 = Debug|x86
		DebugFast|Itanium = DebugFast|Itanium
		DebugFast|x64 = DebugFast|x64
		DebugFast|x86 = DebugFast|x86
		Release|Itanium = Release|Itanium
		Release|x64 = Release|x64
		Release|x86 = Release|x86
	EndGlobalSection
	GlobalSection(ProjectConfigurationPlatforms) = postSolution
		{2D66C9B3-9122-44A8-AFA3-AD5D81D43AD2}.Debug|Itanium.ActiveCfg = Debug|Win32
		{2D66C9B3-9122-44A8-AFA3-AD5D81D43AD2}.Debug|x64.ActiveCfg = Debug|x64
		{2D66C9B3-9122-44A8-AFA3-AD5D81D43AD2}.Debug|x64.Build.0 = Debug|x64
		{2D66C9B3-9122-44A8-AFA3-AD5D81D43AD2}.Debug|x86.ActiveCfg = Debug|Win32
		{2D66C9B3-9122-44A8-AFA3-AD5D81D43AD2}.Debug|x86.Build.0 = Debug|Win32
		{2D66C9B3-9122-44A8-AFA3-AD5D81D43AD2}.DebugFast|Itanium.ActiveCfg = Release|Win32
		{2D66C9B3-9122-44A8-AFA3-AD5D81D43AD2}.DebugFast|Itanium.Build.0 = Release|Win32
		{2D66C9B3-9122-44A8-AFA3-AD5D81D43AD2}.DebugFast|x64.ActiveCfg = Debug|x64
		{2D66C9B3-9122-44A8-AFA3-AD5D81D43AD2}.DebugFast|x64.Build.0 = Debug|x64
		{2D66C9B3-9122-44A8-AFA3-AD5D81D43AD2}.DebugFast|x86.ActiveCfg = Debug|Win32
		{2D66C9B3-9122-44A8-AFA3-AD5D81D43AD2}.DebugFast|x86.Build.0 = Debug|Win32
		{2D66C9B3-9122-44A8-AFA3-AD5D81D43AD2}.Release|Itanium.ActiveCfg = Release|Win32
		{2D66C9B3-9122-44A8-AFA3-AD5D81D43AD2}.Release|x64.ActiveCfg = Release|x64
		{2D66C9B3-9122-44A8-AFA3-AD5D81D43AD2}.Release|x64.Build.0 = Release|x64
		{2D66C9B3-9122-44A8-AFA3-AD5D81D43AD2}.Release|x86.ActiveCfg = Release|Win32
		{2D66C9B3-9122-44A8-AFA3-AD5D81D43AD2}.Release|x86.Build.0 = Release|Win32
		{C6839DB6-EF79-4716-9587-0713F04C50CE}.Debug|Itanium.ActiveCfg = Debug|Win32
		{C6839DB6-EF79-4716-9587-0713F04C50CE}.Debug|x64.ActiveCfg = Debug|x64
		{C6839DB6-EF79-4716-9587-0713F04C50CE}.Debug|x64.Build.0 = Debug|x64
		{C6839DB6-EF79-4716-9587-0713F04C50CE}.Debug|x86.ActiveCfg = Debug|Win32
		{C6839DB6-EF79-4716-9587-0713F04C50CE}.Debug|x86.Build.0 = Debug|Win32
		{C6839DB6-EF79-4716-9587-0713F04C50CE}.DebugFast|Itanium.ActiveCfg = Release|x64
		{C6839DB6-EF79-4716-9587-0713F04C50CE}.DebugFast|Itanium.Build.0 = Release|x64
		{C6839DB6-EF79-4716-9587-0713F04C50CE}.DebugFast|x64.ActiveCfg = Debug|x64
		{C6839DB6-EF79-4716-9587-0713F04C50CE}.DebugFast|x64.Build.0 = Debug|x64
		{C6839DB6-EF79-4716-9587-0713F04C50CE}.DebugFast|x86.ActiveCfg = Debug|Win32
		{C6839DB6-EF79-4716-9587-0713F04C50CE}.DebugFast|x86.Build.0 = Debug|Win32
		{C6839DB6-EF79-4716-9587-0713F04C50CE}.Release|Itanium.ActiveCfg = Release|Win32
		{C6839DB6-EF79-4716-9587-0713F04C50CE}.Release|x64.ActiveCfg = Release|x64
		{C6839DB6-EF79-4716-9587-0713F04C50CE}.Release|x64.Build.0 = Release|x64
		{C6839DB6-EF79-4716-9587-0713F04C50CE}.Release|x86.ActiveCfg = Release|Win32
		{C6839DB6-EF79-4716-9587-0713F04C50CE}.Release|x86.Build.0 = Release|Win32
		{A063DFAD-6995-4E1A-AFFF-E43DC11E95B1}.Debug|Itanium.ActiveCfg = Debug|Itanium
		{A063DFAD-6995-4E1A-AFFF-E43DC11E95B1}.Debug|Itanium.Build.0 = Debug|Itanium
		{A063DFAD-6995-4E1A-AFFF-E43DC11E95B1}.Debug|x64.ActiveCfg = Debug|x64
		{A063DFAD-6995-4E1A-AFFF-E43DC11E95B1}.Debug|x64.Build.0 = Debug|x64
		{A063DFAD-6995-4E1A-AFFF-E43DC11E95B1}.Debug|x86.ActiveCfg = Debug|Win32
		{A063DFAD-6995-4E1A-AFFF-E43DC11E95B1}.Debug|x86.Build.0 = Debug|Win32
		{A063DFAD-6995-4E1A-AFFF-E43DC11E95B1}.DebugFast|Itanium.ActiveCfg = DebugFast|Itanium
		{A063DFAD-6995-4E1A-AFFF-E43DC11E95B1}.DebugFast|Itanium.Build.0 = DebugFast|Itanium
		{A063DFAD-6995-4E1A-AFFF-E43DC11E95B1}.DebugFast|x64.ActiveCfg = DebugFast|x64
		{A063DFAD-6995-4E1A-AFFF-E43DC11E95B1}.DebugFast|x64.Build.0 = DebugFast|x64
		{A063DFAD-6995-4E1A-AFFF-E43DC11E95B1}.DebugFast|x86.ActiveCfg = DebugFast|Win32
		{A063DFAD-6995-4E1A-AFFF-E43DC11E95B1}.DebugFast|x86.Build.0 = DebugFast|Win32
		{A063DFAD-6995-4E1A-AFFF-E43DC11E95B1}.Release|Itanium.ActiveCfg = Release|Itanium
		{A063DFAD-6995-4E1A-AFFF-E43DC11E95B1}.Release|Itanium.Build.0 = Release|Itanium
		{A063DFAD-6995-4E1A-AFFF-E43DC11E95B1}.Release|x64.ActiveCfg = Release|x64
		{A063DFAD-6995-4E1A-AFFF-E43DC11E95B1}.Release|x64.Build.0 = Release|x64
		{A063DFAD-6995-4E1A-AFFF-E43DC11E95B1}.Release|x86.ActiveCfg = Release|Win32
		{A063DFAD-6995-4E1A-AFFF-E43DC11E95B1}.Release|x86.Build.0 = Release|Win32
	EndGlobalSection
	GlobalSection(SolutionProperties) = preSolution
		HideSolutionNode = FALSE
	EndGlobalSection
EndGlobal
